
Microsoft Visual Studio Solution File, Format Version 12.00
# Visual Studio Version 16
VisualStudioVersion = 16.0.29905.134
MinimumVisualStudioVersion = 10.0.40219.1
Project("{FAE04EC0-301F-11D3-BF4B-00C04F79EFBC}") = "Dynamics 365 WebApp", "Dynamics 365 WebApp\Dynamics 365 WebApp.csproj", "{2BFFF856-1BFA-4312-AC0C-B83290284966}"
EndProject
Project("{FAE04EC0-301F-11D3-BF4B-00C04F79EFBC}") = "UnitTests", "UnitTestProject\UnitTests.csproj", "{5532AAFC-09A5-4946-A9E6-E574D4795F6F}"
EndProject
Global
	GlobalSection(SolutionConfigurationPlatforms) = preSolution
		Debug|Any CPU = Debug|Any CPU
		Release|Any CPU = Release|Any CPU
	EndGlobalSection
	GlobalSection(ProjectConfigurationPlatforms) = postSolution
		{2BFFF856-1BFA-4312-AC0C-B83290284966}.Debug|Any CPU.ActiveCfg = Debug|Any CPU
		{2BFFF856-1BFA-4312-AC0C-B83290284966}.Debug|Any CPU.Build.0 = Debug|Any CPU
		{2BFFF856-1BFA-4312-AC0C-B83290284966}.Release|Any CPU.ActiveCfg = Release|Any CPU
		{2BFFF856-1BFA-4312-AC0C-B83290284966}.Release|Any CPU.Build.0 = Release|Any CPU
		{5532AAFC-09A5-4946-A9E6-E574D4795F6F}.Debug|Any CPU.ActiveCfg = Debug|Any CPU
		{5532AAFC-09A5-4946-A9E6-E574D4795F6F}.Debug|Any CPU.Build.0 = Debug|Any CPU
		{5532AAFC-09A5-4946-A9E6-E574D4795F6F}.Release|Any CPU.ActiveCfg = Release|Any CPU
		{5532AAFC-09A5-4946-A9E6-E574D4795F6F}.Release|Any CPU.Build.0 = Release|Any CPU
	EndGlobalSection
	GlobalSection(SolutionProperties) = preSolution
		HideSolutionNode = FALSE
	EndGlobalSection
	GlobalSection(ExtensibilityGlobals) = postSolution
		SolutionGuid = {7691E772-3E5A-40DD-B159-894A412B7F68}
	EndGlobalSection
EndGlobal
